
Microsoft Visual Studio Solution File, Format Version 12.00
# Visual Studio Version 17
VisualStudioVersion = 17.9.34622.214
MinimumVisualStudioVersion = 10.0.40219.1
Project("{9A19103F-16F7-4668-BE54-9A1E7A4F7556}") = "ChatServer", "ChatServer\ChatServer.csproj", "{DD36B131-A800-4C89-B67C-B225822B24B4}"
EndProject
Project("{9A19103F-16F7-4668-BE54-9A1E7A4F7556}") = "ChatClient", "ChatClient\ChatClient.csproj", "{2DE0A22E-55BD-4F30-A37D-7BC13730BF64}"
EndProject
Global
	GlobalSection(SolutionConfigurationPlatforms) = preSolution
		Debug|Any CPU = Debug|Any CPU
		Release|Any CPU = Release|Any CPU
	EndGlobalSection
	GlobalSection(ProjectConfigurationPlatforms) = postSolution
		{DD36B131-A800-4C89-B67C-B225822B24B4}.Debug|Any CPU.ActiveCfg = Debug|Any CPU
		{DD36B131-A800-4C89-B67C-B225822B24B4}.Debug|Any CPU.Build.0 = Debug|Any CPU
		{DD36B131-A800-4C89-B67C-B225822B24B4}.Release|Any CPU.ActiveCfg = Release|Any CPU
		{DD36B131-A800-4C89-B67C-B225822B24B4}.Release|Any CPU.Build.0 = Release|Any CPU
		{2DE0A22E-55BD-4F30-A37D-7BC13730BF64}.Debug|Any CPU.ActiveCfg = Debug|Any CPU
		{2DE0A22E-55BD-4F30-A37D-7BC13730BF64}.Debug|Any CPU.Build.0 = Debug|Any CPU
		{2DE0A22E-55BD-4F30-A37D-7BC13730BF64}.Debug|Any CPU.Deploy.0 = Debug|Any CPU
		{2DE0A22E-55BD-4F30-A37D-7BC13730BF64}.Release|Any CPU.ActiveCfg = Release|Any CPU
		{2DE0A22E-55BD-4F30-A37D-7BC13730BF64}.Release|Any CPU.Build.0 = Release|Any CPU
		{2DE0A22E-55BD-4F30-A37D-7BC13730BF64}.Release|Any CPU.Deploy.0 = Release|Any CPU
	EndGlobalSection
	GlobalSection(SolutionProperties) = preSolution
		HideSolutionNode = FALSE
	EndGlobalSection
	GlobalSection(ExtensibilityGlobals) = postSolution
		SolutionGuid = {D03A261C-9D08-439B-AA02-723B30496C26}
	EndGlobalSection
EndGlobal
